<?xml version="1.0" encoding="UTF-8" standalone="yes" ?>
<CodeBlocks_project_file>
	<FileVersion major="1" minor="6" />
	<Project>
		<Option title="ProjetB02" />
		<Option pch_mode="2" />
		<Option compiler="gcc" />
		<Build>
			<Target title="Debug">
				<Option output="bin/Debug/ProjetB02" prefix_auto="1" extension_auto="1" />
				<Option object_output="obj/Debug/" />
				<Option type="1" />
				<Option compiler="gcc" />
				<Option projectIncludeDirsRelation="0" />
				<Compiler>
					<Add option="-g" />
					<Add directory="SFML" />
					<Add directory="include" />
				</Compiler>
				<Linker>
					<Add library="sfml-graphics" />
					<Add library="sfml-window" />
					<Add library="sfml-system" />
					<Add library="sfml-audio" />
				</Linker>
			</Target>
			<Target title="Release">
				<Option output="bin/Release/ProjetB02" prefix_auto="1" extension_auto="1" />
				<Option object_output="obj/Release/" />
				<Option type="1" />
				<Option compiler="gcc" />
				<Compiler>
					<Add option="-O2" />
					<Add directory="SFML" />
					<Add directory="include" />
				</Compiler>
				<Linker>
					<Add option="-s" />
					<Add library="sfml-graphics" />
					<Add library="sfml-window" />
					<Add library="sfml-system" />
					<Add library="sfml-audio" />
				</Linker>
			</Target>
		</Build>
		<Compiler>
			<Add option="-Wall" />
			<Add option="-fexceptions" />
			<Add directory="SFML" />
		</Compiler>
		<Linker>
			<Add library="sfml-graphics" />
			<Add library="sfml-window" />
			<Add library="sfml-system" />
			<Add library="sfml-audio" />
		</Linker>
		<Unit filename="include/AcasiaLeafBlock.h" />
		<Unit filename="include/AcasiaWoodBlock.h" />
		<Unit filename="include/CactusBlock.h" />
		<Unit filename="include/Checkpoint.h" />
		<Unit filename="include/CloudBlock.h" />
		<Unit filename="include/Dirt.h" />
		<Unit filename="include/Entity.h" />
		<Unit filename="include/FireBlock.h" />
		<Unit filename="include/Game.h" />
		<Unit filename="include/GrassBlock.h" />
		<Unit filename="include/Input.h" />
		<Unit filename="include/LavaBlock.h" />
		<Unit filename="include/LeafBlock.h" />
		<Unit filename="include/Level.h" />
		<Unit filename="include/Level1.h" />
		<Unit filename="include/Level2.h" />
		<Unit filename="include/Level3.h" />
		<Unit filename="include/LianaBlock.h" />
		<Unit filename="include/Menu.h" />
		<Unit filename="include/NetherBlock.h" />
		<Unit filename="include/NetherFence.h" />
		<Unit filename="include/NetherLianaBlock.h" />
		<Unit filename="include/NetherWartBlock.h" />
		<Unit filename="include/NetherWoodBlock.h" />
		<Unit filename="include/ObsidianBlock.h" />
		<Unit filename="include/Platform.h" />
		<Unit filename="include/Player.h" />
		<Unit filename="include/PortalBlock.h" />
		<Unit filename="include/QuicksandBlock.h" />
		<Unit filename="include/RedQuicksandBlock.h" />
		<Unit filename="include/RedSandBlock.h" />
		<Unit filename="include/RedSmoothSandBlock.h" />
		<Unit filename="include/SandBlock.h" />
		<Unit filename="include/SmoothSandBlock.h" />
		<Unit filename="include/SpiderWebBlock.h" />
		<Unit filename="include/SugarCaneBlock.h" />
		<Unit filename="include/WheatBlock.h" />
		<Unit filename="include/WoodPlank.h" />
		<Unit filename="include/Zombie.h" />
		<Unit filename="main.cpp" />
		<Unit filename="src/AcasiaLeafBlock.cpp" />
		<Unit filename="src/AcasiaWoodBlock.cpp" />
		<Unit filename="src/CactusBlock.cpp" />
		<Unit filename="src/Checkpoint.cpp" />
		<Unit filename="src/CloudBlock.cpp" />
		<Unit filename="src/Dirt.cpp" />
		<Unit filename="src/Entity.cpp" />
		<Unit filename="src/FireBlock.cpp" />
		<Unit filename="src/Game.cpp" />
		<Unit filename="src/GrassBlock.cpp" />
		<Unit filename="src/Input.cpp" />
		<Unit filename="src/LavaBlock.cpp" />
		<Unit filename="src/LeafBlock.cpp" />
		<Unit filename="src/Level.cpp" />
		<Unit filename="src/Level1.cpp" />
		<Unit filename="src/Level2.cpp" />
		<Unit filename="src/Level3.cpp" />
		<Unit filename="src/LianaBlock.cpp" />
		<Unit filename="src/Menu.cpp" />
		<Unit filename="src/NetherBlock.cpp" />
		<Unit filename="src/NetherFence.cpp" />
		<Unit filename="src/NetherLianaBlock.cpp" />
		<Unit filename="src/NetherWartBlock.cpp" />
		<Unit filename="src/NetherWoodBlock.cpp" />
		<Unit filename="src/ObsidianBlock.cpp" />
		<Unit filename="src/Platform.cpp" />
		<Unit filename="src/Player.cpp" />
		<Unit filename="src/PortalBlock.cpp" />
		<Unit filename="src/QuicksandBlock.cpp" />
		<Unit filename="src/RedQuicksandBlock.cpp" />
		<Unit filename="src/RedSandBlock.cpp" />
		<Unit filename="src/RedSmoothSandBlock.cpp" />
		<Unit filename="src/SandBlock.cpp" />
		<Unit filename="src/SmoothSandBlock.cpp" />
		<Unit filename="src/SpiderWebBlock.cpp" />
		<Unit filename="src/SugarCaneBlock.cpp" />
		<Unit filename="src/WheatBlock.cpp" />
		<Unit filename="src/WoodPlank.cpp" />
		<Unit filename="src/Zombie.cpp" />
		<Extensions />
	</Project>
</CodeBlocks_project_file>
